
Microsoft Visual Studio Solution File, Format Version 12.00
# Visual Studio 14
VisualStudioVersion = 14.0.25123.0
MinimumVisualStudioVersion = 10.0.40219.1
Project("{F2A71F9B-5D33-465A-A702-920D77279786}") = "ReadCode", "ReadCode\ReadCode.fsproj", "{43EB6B62-3CAC-435E-AD84-8E1489154098}"
EndProject
Global
	GlobalSection(SolutionConfigurationPlatforms) = preSolution
		Debug|Any CPU = Debug|Any CPU
		Release|Any CPU = Release|Any CPU
	EndGlobalSection
	GlobalSection(ProjectConfigurationPlatforms) = postSolution
		{43EB6B62-3CAC-435E-AD84-8E1489154098}.Debug|Any CPU.ActiveCfg = Debug|Any CPU
		{43EB6B62-3CAC-435E-AD84-8E1489154098}.Debug|Any CPU.Build.0 = Debug|Any CPU
		{43EB6B62-3CAC-435E-AD84-8E1489154098}.Release|Any CPU.ActiveCfg = Release|Any CPU
		{43EB6B62-3CAC-435E-AD84-8E1489154098}.Release|Any CPU.Build.0 = Release|Any CPU
	EndGlobalSection
	GlobalSection(SolutionProperties) = preSolution
		HideSolutionNode = FALSE
	EndGlobalSection
EndGlobal
